<?xml version="1.0" encoding="utf-8"?>
<Project ToolsVersion="4.0" xmlns="http://schemas.microsoft.com/developer/msbuild/2003">
  <ItemGroup>
    <Filter Include="Source Files">
      <UniqueIdentifier>{4FC737F1-C7A5-4376-A066-2A32D752A2FF}</UniqueIdentifier>
      <Extensions>cpp;c;cc;cxx;def;odl;idl;hpj;bat;asm;asmx</Extensions>
    </Filter>
    <Filter Include="Header Files">
      <UniqueIdentifier>{93995380-89BD-4b04-88EB-625FBE52EBFB}</UniqueIdentifier>
      <Extensions>h;hpp;hxx;hm;inl;inc;xsd</Extensions>
    </Filter>
    <Filter Include="Resource Files">
      <UniqueIdentifier>{67DA6AB6-F800-4c08-8B7A-83BB121AAD01}</UniqueIdentifier>
      <Extensions>rc;ico;cur;bmp;dlg;rc2;rct;bin;rgs;gif;jpg;jpeg;jpe;resx;tiff;tif;png;wav;mfcribbon-ms</Extensions>
    </Filter>
  </ItemGroup>
  <ItemGroup>
    <ClInclude Include="..\..\libjpeg-sr9b\jconfig.h">
      <Filter>Header Files</Filter>
    </ClInclude>
    <ClInclude Include="..\..\libjpeg-sr9b\jdct.h">
      <Filter>Header Files</Filter>
    </ClInclude>
    <ClInclude Include="..\..\libjpeg-sr9b\jerror.h">
      <Filter>Header Files</Filter>
    </ClInclude>
    <ClInclude Include="..\..\libjpeg-sr9b\jinclude.h">
      <Filter>Header Files</Filter>
    </ClInclude>
    <ClInclude Include="..\..\libjpeg-sr9b\jmemsys.h">
      <Filter>Header Files</Filter>
    </ClInclude>
    <ClInclude Include="..\..\libjpeg-sr9b\jmorecfg.h">
      <Filter>Header Files</Filter>
    </ClInclude>
    <ClInclude Include="..\..\libjpeg-sr9b\jpegint.h">
      <Filter>Header Files</Filter>
    </ClInclude>
    <ClInclude Include="..\..\libjpeg-sr9b\jpeglib.h">
      <Filter>Header Files</Filter>
    </ClInclude>
    <ClInclude Include="..\..\libjpeg-sr9b\jversion.h">
      <Filter>Header Files</Filter>
    </ClInclude>
  </ItemGroup>
  <ItemGroup>
    <ClCompile Include="..\..\libjpeg-sr9b\jaricom.c">
      <Filter>Source Files</Filter>
    </ClCompile>
    <ClCompile Include="..\..\libjpeg-sr9b\jcapimin.c">
      <Filter>Source Files</Filter>
    </ClCompile>
    <ClCompile Include="..\..\libjpeg-sr9b\jcapistd.c">
      <Filter>Source Files</Filter>
    </ClCompile>
    <ClCompile Include="..\..\libjpeg-sr9b\jcarith.c">
      <Filter>Source Files</Filter>
    </ClCompile>
    <ClCompile Include="..\..\libjpeg-sr9b\jccoefct.c">
      <Filter>Source Files</Filter>
    </ClCompile>
    <ClCompile Include="..\..\libjpeg-sr9b\jccolor.c">
      <Filter>Source Files</Filter>
    </ClCompile>
    <ClCompile Include="..\..\libjpeg-sr9b\jcdctmgr.c">
      <Filter>Source Files</Filter>
    </ClCompile>
    <ClCompile Include="..\..\libjpeg-sr9b\jchuff.c">
      <Filter>Source Files</Filter>
    </ClCompile>
    <ClCompile Include="..\..\libjpeg-sr9b\jcinit.c">
      <Filter>Source Files</Filter>
    </ClCompile>
    <ClCompile Include="..\..\libjpeg-sr9b\jcmainct.c">
      <Filter>Source Files</Filter>
    </ClCompile>
    <ClCompile Include="..\..\libjpeg-sr9b\jcmarker.c">
      <Filter>Source Files</Filter>
    </ClCompile>
    <ClCompile Include="..\..\libjpeg-sr9b\jcmaster.c">
      <Filter>Source Files</Filter>
    </ClCompile>
    <ClCompile Include="..\..\libjpeg-sr9b\jcomapi.c">
      <Filter>Source Files</Filter>
    </ClCompile>
    <ClCompile Include="..\..\libjpeg-sr9b\jcparam.c">
      <Filter>Source Files</Filter>
    </ClCompile>
    <ClCompile Include="..\..\libjpeg-sr9b\jcprepct.c">
      <Filter>Source Files</Filter>
    </ClCompile>
    <ClCompile Include="..\..\libjpeg-sr9b\jcsample.c">
      <Filter>Source Files</Filter>
    </ClCompile>
    <ClCompile Include="..\..\libjpeg-sr9b\jctrans.c">
      <Filter>Source Files</Filter>
    </ClCompile>
    <ClCompile Include="..\..\libjpeg-sr9b\jdapimin.c">
      <Filter>Source Files</Filter>
    </ClCompile>
    <ClCompile Include="..\..\libjpeg-sr9b\jdapistd.c">
      <Filter>Source Files</Filter>
    </ClCompile>
    <ClCompile Include="..\..\libjpeg-sr9b\jdarith.c">
      <Filter>Source Files</Filter>
    </ClCompile>
    <ClCompile Include="..\..\libjpeg-sr9b\jdatadst.c">
      <Filter>Source Files</Filter>
    </ClCompile>
    <ClCompile Include="..\..\libjpeg-sr9b\jdatasrc.c">
      <Filter>Source Files</Filter>
    </ClCompile>
    <ClCompile Include="..\..\libjpeg-sr9b\jdcoefct.c">
      <Filter>Source Files</Filter>
    </ClCompile>
    <ClCompile Include="..\..\libjpeg-sr9b\jdcolor.c">
      <Filter>Source Files</Filter>
    </ClCompile>
    <ClCompile Include="..\..\libjpeg-sr9b\jddctmgr.c">
      <Filter>Source Files</Filter>
    </ClCompile>
    <ClCompile Include="..\..\libjpeg-sr9b\jdhuff.c">
      <Filter>Source Files</Filter>
    </ClCompile>
    <ClCompile Include="..\..\libjpeg-sr9b\jdinput.c">
      <Filter>Source Files</Filter>
    </ClCompile>
    <ClCompile Include="..\..\libjpeg-sr9b\jdmainct.c">
      <Filter>Source Files</Filter>
    </ClCompile>
    <ClCompile Include="..\..\libjpeg-sr9b\jdmarker.c">
      <Filter>Source Files</Filter>
    </ClCompile>
    <ClCompile Include="..\..\libjpeg-sr9b\jdmaster.c">
      <Filter>Source Files</Filter>
    </ClCompile>
    <ClCompile Include="..\..\libjpeg-sr9b\jdmerge.c">
      <Filter>Source Files</Filter>
    </ClCompile>
    <ClCompile Include="..\..\libjpeg-sr9b\jdpostct.c">
      <Filter>Source Files</Filter>
    </ClCompile>
    <ClCompile Include="..\..\libjpeg-sr9b\jdsample.c">
      <Filter>Source Files</Filter>
    </ClCompile>
    <ClCompile Include="..\..\libjpeg-sr9b\jdtrans.c">
      <Filter>Source Files</Filter>
    </ClCompile>
    <ClCompile Include="..\..\libjpeg-sr9b\jerror.c">
      <Filter>Source Files</Filter>
    </ClCompile>
    <ClCompile Include="..\..\libjpeg-sr9b\jfdctflt.c">
      <Filter>Source Files</Filter>
    </ClCompile>
    <ClCompile Include="..\..\libjpeg-sr9b\jfdctfst.c">
      <Filter>Source Files</Filter>
    </ClCompile>
    <ClCompile Include="..\..\libjpeg-sr9b\jfdctint.c">
      <Filter>Source Files</Filter>
    </ClCompile>
    <ClCompile Include="..\..\libjpeg-sr9b\jidctflt.c">
      <Filter>Source Files</Filter>
    </ClCompile>
    <ClCompile Include="..\..\libjpeg-sr9b\jidctfst.c">
      <Filter>Source Files</Filter>
    </ClCompile>
    <ClCompile Include="..\..\libjpeg-sr9b\jidctint.c">
      <Filter>Source Files</Filter>
    </ClCompile>
    <ClCompile Include="..\..\libjpeg-sr9b\jmemmgr.c">
      <Filter>Source Files</Filter>
    </ClCompile>
    <ClCompile Include="..\..\libjpeg-sr9b\jmemnobs.c">
      <Filter>Source Files</Filter>
    </ClCompile>
    <ClCompile Include="..\..\libjpeg-sr9b\jquant1.c">
      <Filter>Source Files</Filter>
    </ClCompile>
    <ClCompile Include="..\..\libjpeg-sr9b\jquant2.c">
      <Filter>Source Files</Filter>
    </ClCompile>
    <ClCompile Include="..\..\libjpeg-sr9b\jutils.c">
      <Filter>Source Files</Filter>
    </ClCompile>
  </ItemGroup>
</Project>